<?xml version="1.0" encoding="UTF-8" standalone="yes" ?>
<CodeBlocks_project_file>
	<FileVersion major="1" minor="6" />
	<Project>
		<Option title="beng" />
		<Option pch_mode="2" />
		<Option compiler="gcc" />
		<Build>
			<Target title="Debug">
				<Option output="bin/Debug/beng" prefix_auto="1" extension_auto="1" />
				<Option object_output="obj/Debug/" />
				<Option type="1" />
				<Option compiler="gcc" />
				<Compiler>
					<Add option="-g" />
				</Compiler>
			</Target>
			<Target title="Release">
				<Option output="bin/Release/beng" prefix_auto="1" extension_auto="1" />
				<Option object_output="obj/Release/" />
				<Option type="1" />
				<Option compiler="gcc" />
				<Compiler>
					<Add option="-O2" />
				</Compiler>
				<Linker>
					<Add option="-s" />
				</Linker>
			</Target>
		</Build>
		<Compiler>
			<Add option="-Wall" />
			<Add option="-fexceptions" />
		</Compiler>
		<Unit filename="cpp/AuthenticationSystem.cpp" />
		<Unit filename="cpp/BankSettings.cpp" />
		<Unit filename="cpp/BankingAccount.cpp" />
		<Unit filename="cpp/CreditCard.cpp" />
		<Unit filename="cpp/Date.cpp" />
		<Unit filename="cpp/PersonalData.cpp" />
		<Unit filename="cpp/SystemAccount.cpp" />
		<Unit filename="cpp/Transfer.cpp" />
		<Unit filename="cpp/TransferHandler.cpp" />
		<Unit filename="hpp/AuthenticationSystem.hpp" />
		<Unit filename="hpp/BankSettings.hpp" />
		<Unit filename="hpp/BankingAccount.hpp" />
		<Unit filename="hpp/CreditCard.hpp" />
		<Unit filename="hpp/Date.hpp" />
		<Unit filename="hpp/PersonalData.hpp" />
		<Unit filename="hpp/SystemAccount.hpp" />
		<Unit filename="hpp/Transfer.hpp" />
		<Unit filename="hpp/TransferHandler.hpp" />
		<Unit filename="main.cpp" />
		<Extensions>
			<code_completion />
			<envvars />
			<debugger />
		</Extensions>
	</Project>
</CodeBlocks_project_file>
