<?xml version="1.0" encoding="UTF-8" standalone="yes" ?>
<CodeBlocks_project_file>
	<FileVersion major="1" minor="6" />
	<Project>
		<Option title="sfml_dod" />
		<Option pch_mode="2" />
		<Option compiler="mingw_seh" />
		<Build>
			<Target title="Debug">
				<Option output="bin/Debug/sfml_dod" prefix_auto="1" extension_auto="1" />
				<Option object_output="obj/Debug/" />
				<Option type="1" />
				<Option compiler="mingw_seh" />
				<Compiler>
					<Add option="-g" />
					<Add option="-std=c++17" />
				</Compiler>
				<Linker>
					<Add library="sfml-graphics-s-d" />
					<Add library="sfml-audio-s-d" />
					<Add library="sfml-window-s-d" />
					<Add library="sfml-network-s" />
					<Add library="sfml-system-s" />
					<Add library="opengl32" />
					<Add library="freetype" />
					<Add library="jpeg" />
					<Add library="gdi32" />
					<Add library="openal32" />
					<Add library="flac" />
					<Add library="vorbisenc" />
					<Add library="vorbisfile" />
					<Add library="vorbis" />
					<Add library="ogg" />
					<Add library="ws2_32" />
					<Add library="winmm" />
				</Linker>
			</Target>
			<Target title="Release">
				<Option output="bin/Release/sfml_dod" prefix_auto="1" extension_auto="1" />
				<Option object_output="obj/Release/" />
				<Option type="1" />
				<Option compiler="mingw_seh" />
				<Compiler>
					<Add option="-O2" />
				</Compiler>
				<Linker>
					<Add option="-s" />
				</Linker>
			</Target>
		</Build>
		<Compiler>
			<Add option="-Wall" />
			<Add option="-std=c++14" />
			<Add option="-fexceptions" />
			<Add option="-std=c++17" />
			<Add option="-DSFML_STATIC" />
			<Add directory="lib/SFML_2.4.2_seh_64bit/include" />
		</Compiler>
		<Linker>
			<Add option="-static-libstdc++" />
			<Add option="-static-libgcc" />
			<Add option="-static" />
			<Add directory="lib/SFML_2.4.2_seh_64bit/lib" />
		</Linker>
		<Unit filename="cpp/AuthenticationSystem.cpp" />
		<Unit filename="cpp/BankSettings.cpp" />
		<Unit filename="cpp/BankingAccount.cpp" />
		<Unit filename="cpp/BankingSystem.cpp" />
		<Unit filename="cpp/CEOMainState.cpp" />
		<Unit filename="cpp/CreditCard.cpp" />
		<Unit filename="cpp/Date.cpp" />
		<Unit filename="cpp/FirstState.cpp" />
		<Unit filename="cpp/PersonalData.cpp" />
		<Unit filename="cpp/SystemAccount.cpp" />
		<Unit filename="cpp/Transfer.cpp" />
		<Unit filename="cpp/TransferHandler.cpp" />
		<Unit filename="hpp/AuthenticationSystem.hpp" />
		<Unit filename="hpp/BankSettings.hpp" />
		<Unit filename="hpp/BankingAccount.hpp" />
		<Unit filename="hpp/BankingSystem.hpp" />
		<Unit filename="hpp/CEOMainState.hpp" />
		<Unit filename="hpp/CreditCard.hpp" />
		<Unit filename="hpp/Date.hpp" />
		<Unit filename="hpp/PersonalData.hpp" />
		<Unit filename="hpp/SystemAccount.hpp" />
		<Unit filename="hpp/Transfer.hpp" />
		<Unit filename="hpp/TransferHandler.hpp" />
		<Unit filename="hpp/firstState.hpp" />
		<Unit filename="lib/Engine/Core/cpp/engine.cpp" />
		<Unit filename="lib/Engine/Core/cpp/object.cpp" />
		<Unit filename="lib/Engine/Core/hpp/customTypes.hpp" />
		<Unit filename="lib/Engine/Core/hpp/engine.hpp" />
		<Unit filename="lib/Engine/Core/hpp/errorCalls.hpp" />
		<Unit filename="lib/Engine/Core/hpp/functor.hpp" />
		<Unit filename="lib/Engine/Core/hpp/object.hpp" />
		<Unit filename="lib/Engine/Core/hpp/retFunctor.hpp" />
		<Unit filename="lib/Engine/ResourceMgrs/audioMgr/cpp/audioMgr.cpp" />
		<Unit filename="lib/Engine/ResourceMgrs/audioMgr/hpp/audioMgr.hpp" />
		<Unit filename="lib/Engine/ResourceMgrs/cssMgr/cpp/cssHandler.cpp" />
		<Unit filename="lib/Engine/ResourceMgrs/cssMgr/cpp/cssMgr.cpp" />
		<Unit filename="lib/Engine/ResourceMgrs/cssMgr/hpp/cssHandler.hpp" />
		<Unit filename="lib/Engine/ResourceMgrs/cssMgr/hpp/cssMgr.hpp" />
		<Unit filename="lib/Engine/ResourceMgrs/eventMgr/cpp/event.cpp" />
		<Unit filename="lib/Engine/ResourceMgrs/eventMgr/cpp/eventMgr.cpp" />
		<Unit filename="lib/Engine/ResourceMgrs/eventMgr/hpp/event.hpp" />
		<Unit filename="lib/Engine/ResourceMgrs/eventMgr/hpp/eventActions.hpp" />
		<Unit filename="lib/Engine/ResourceMgrs/eventMgr/hpp/eventMgr.hpp" />
		<Unit filename="lib/Engine/ResourceMgrs/eventMgr/hpp/eventPredicates.hpp" />
		<Unit filename="lib/Engine/ResourceMgrs/fontMgr/cpp/fontMgr.cpp" />
		<Unit filename="lib/Engine/ResourceMgrs/fontMgr/hpp/fontMgr.hpp" />
		<Unit filename="lib/Engine/ResourceMgrs/gfxMgr/cpp/animation.cpp" />
		<Unit filename="lib/Engine/ResourceMgrs/gfxMgr/cpp/gfxMgr.cpp" />
		<Unit filename="lib/Engine/ResourceMgrs/gfxMgr/hpp/animation.hpp" />
		<Unit filename="lib/Engine/ResourceMgrs/gfxMgr/hpp/gfxMgr.hpp" />
		<Unit filename="lib/Engine/ResourceMgrs/stateMgr/cpp/state.cpp" />
		<Unit filename="lib/Engine/ResourceMgrs/stateMgr/cpp/stateMgr.cpp" />
		<Unit filename="lib/Engine/ResourceMgrs/stateMgr/hpp/state.hpp" />
		<Unit filename="lib/Engine/ResourceMgrs/stateMgr/hpp/stateMgr.hpp" />
		<Unit filename="lib/Engine/UI/cpp/button.cpp" />
		<Unit filename="lib/Engine/UI/cpp/canvas.cpp" />
		<Unit filename="lib/Engine/UI/cpp/checkbox.cpp" />
		<Unit filename="lib/Engine/UI/cpp/input.cpp" />
		<Unit filename="lib/Engine/UI/cpp/progressBar.cpp" />
		<Unit filename="lib/Engine/UI/cpp/range.cpp" />
		<Unit filename="lib/Engine/UI/cpp/ui.cpp" />
		<Unit filename="lib/Engine/UI/hpp/button.hpp" />
		<Unit filename="lib/Engine/UI/hpp/canvas.hpp" />
		<Unit filename="lib/Engine/UI/hpp/checkbox.hpp" />
		<Unit filename="lib/Engine/UI/hpp/input.hpp" />
		<Unit filename="lib/Engine/UI/hpp/progressBar.hpp" />
		<Unit filename="lib/Engine/UI/hpp/range.hpp" />
		<Unit filename="lib/Engine/UI/hpp/style.hpp" />
		<Unit filename="lib/Engine/UI/hpp/ui.hpp" />
		<Unit filename="lib/Engine/UI/hpp/window.hpp" />
		<Unit filename="main.cpp" />
		<Extensions>
			<code_completion />
			<envvars />
			<debugger />
			<lib_finder disable_auto="1" />
		</Extensions>
	</Project>
</CodeBlocks_project_file>
